
Microsoft Visual Studio Solution File, Format Version 12.00
# Visual Studio Version 17
VisualStudioVersion = 17.5.2.0
MinimumVisualStudioVersion = 10.0.40219.1
Project("{2150E333-8FDC-42A3-9474-1A3956D46DE8}") = "src", "src", "{827E0CD3-B72D-47B6-A68D-7590B98EB39B}"
EndProject
Project("{FAE04EC0-301F-11D3-BF4B-00C04F79EFBC}") = "WeatherApp.API", "src\WeatherApp.API\WeatherApp.API.csproj", "{18906425-B440-A2DC-BEF7-15F693D16788}"
EndProject
Project("{2150E333-8FDC-42A3-9474-1A3956D46DE8}") = "tests", "tests", "{0AB3BF05-4346-4AA6-1389-037BE0695223}"
EndProject
Project("{FAE04EC0-301F-11D3-BF4B-00C04F79EFBC}") = "WeatherApp.API.Tests", "tests\WeatherApp.API.Tests\WeatherApp.API.Tests.csproj", "{1266B896-3969-40FA-95A4-FA59DEE891B4}"
EndProject
Global
	GlobalSection(SolutionConfigurationPlatforms) = preSolution
		Debug|Any CPU = Debug|Any CPU
		Debug|x64 = Debug|x64
		Debug|x86 = Debug|x86
		Release|Any CPU = Release|Any CPU
		Release|x64 = Release|x64
		Release|x86 = Release|x86
	EndGlobalSection
	GlobalSection(ProjectConfigurationPlatforms) = postSolution
		{18906425-B440-A2DC-BEF7-15F693D16788}.Debug|Any CPU.ActiveCfg = Debug|Any CPU
		{18906425-B440-A2DC-BEF7-15F693D16788}.Debug|Any CPU.Build.0 = Debug|Any CPU
		{18906425-B440-A2DC-BEF7-15F693D16788}.Debug|x64.ActiveCfg = Debug|Any CPU
		{18906425-B440-A2DC-BEF7-15F693D16788}.Debug|x64.Build.0 = Debug|Any CPU
		{18906425-B440-A2DC-BEF7-15F693D16788}.Debug|x86.ActiveCfg = Debug|Any CPU
		{18906425-B440-A2DC-BEF7-15F693D16788}.Debug|x86.Build.0 = Debug|Any CPU
		{18906425-B440-A2DC-BEF7-15F693D16788}.Release|Any CPU.ActiveCfg = Release|Any CPU
		{18906425-B440-A2DC-BEF7-15F693D16788}.Release|Any CPU.Build.0 = Release|Any CPU
		{18906425-B440-A2DC-BEF7-15F693D16788}.Release|x64.ActiveCfg = Release|Any CPU
		{18906425-B440-A2DC-BEF7-15F693D16788}.Release|x64.Build.0 = Release|Any CPU
		{18906425-B440-A2DC-BEF7-15F693D16788}.Release|x86.ActiveCfg = Release|Any CPU
		{18906425-B440-A2DC-BEF7-15F693D16788}.Release|x86.Build.0 = Release|Any CPU
		{1266B896-3969-40FA-95A4-FA59DEE891B4}.Debug|Any CPU.ActiveCfg = Debug|Any CPU
		{1266B896-3969-40FA-95A4-FA59DEE891B4}.Debug|Any CPU.Build.0 = Debug|Any CPU
		{1266B896-3969-40FA-95A4-FA59DEE891B4}.Debug|x64.ActiveCfg = Debug|Any CPU
		{1266B896-3969-40FA-95A4-FA59DEE891B4}.Debug|x64.Build.0 = Debug|Any CPU
		{1266B896-3969-40FA-95A4-FA59DEE891B4}.Debug|x86.ActiveCfg = Debug|Any CPU
		{1266B896-3969-40FA-95A4-FA59DEE891B4}.Debug|x86.Build.0 = Debug|Any CPU
		{1266B896-3969-40FA-95A4-FA59DEE891B4}.Release|Any CPU.ActiveCfg = Release|Any CPU
		{1266B896-3969-40FA-95A4-FA59DEE891B4}.Release|Any CPU.Build.0 = Release|Any CPU
		{1266B896-3969-40FA-95A4-FA59DEE891B4}.Release|x64.ActiveCfg = Release|Any CPU
		{1266B896-3969-40FA-95A4-FA59DEE891B4}.Release|x64.Build.0 = Release|Any CPU
		{1266B896-3969-40FA-95A4-FA59DEE891B4}.Release|x86.ActiveCfg = Release|Any CPU
		{1266B896-3969-40FA-95A4-FA59DEE891B4}.Release|x86.Build.0 = Release|Any CPU
	EndGlobalSection
	GlobalSection(SolutionProperties) = preSolution
		HideSolutionNode = FALSE
	EndGlobalSection
	GlobalSection(NestedProjects) = preSolution
		{18906425-B440-A2DC-BEF7-15F693D16788} = {827E0CD3-B72D-47B6-A68D-7590B98EB39B}
		{1266B896-3969-40FA-95A4-FA59DEE891B4} = {0AB3BF05-4346-4AA6-1389-037BE0695223}
	EndGlobalSection
	GlobalSection(ExtensibilityGlobals) = postSolution
		SolutionGuid = {4D683D1A-5D7B-4D4C-9D03-FBAD06366AE0}
	EndGlobalSection
EndGlobal
